// !$*UTF8*$!
{
	archiveVersion = 1;
	classes = {
	};
	objectVersion = 50;
	objects = {

/* Begin PBXBuildFile section */
		50690D9521C7A1070056B5BA /* AppDelegate.swift in Sources */ = {isa = PBXBuildFile; fileRef = 50690D9421C7A1070056B5BA /* AppDelegate.swift */; };
		50690D9721C7A1070056B5BA /* SearchViewController.swift in Sources */ = {isa = PBXBuildFile; fileRef = 50690D9621C7A1070056B5BA /* SearchViewController.swift */; };
		50690D9C21C7A1080056B5BA /* Assets.xcassets in Resources */ = {isa = PBXBuildFile; fileRef = 50690D9B21C7A1080056B5BA /* Assets.xcassets */; };
		50690DA721C7A1AE0056B5BA /* Model.swift in Sources */ = {isa = PBXBuildFile; fileRef = 50690DA621C7A1AE0056B5BA /* Model.swift */; };
		50690DAA21C7A2110056B5BA /* String+MD5.swift in Sources */ = {isa = PBXBuildFile; fileRef = 50690DA921C7A2110056B5BA /* String+MD5.swift */; };
		50690DAC21C7A22A0056B5BA /* JSON.swift in Sources */ = {isa = PBXBuildFile; fileRef = 50690DAB21C7A22A0056B5BA /* JSON.swift */; };
		50690DAE21C7A24F0056B5BA /* ViewModel.swift in Sources */ = {isa = PBXBuildFile; fileRef = 50690DAD21C7A24F0056B5BA /* ViewModel.swift */; };
		50690DB021C7A2750056B5BA /* Cell.swift in Sources */ = {isa = PBXBuildFile; fileRef = 50690DAF21C7A2750056B5BA /* Cell.swift */; };
		50690DB221C7A2A50056B5BA /* CharacterListViewController.swift in Sources */ = {isa = PBXBuildFile; fileRef = 50690DB121C7A2A40056B5BA /* CharacterListViewController.swift */; };
		9F3269E1372B9DDF30E61739 /* Pods_marvelapi.framework in Frameworks */ = {isa = PBXBuildFile; fileRef = 2D222A0D148B30600A5653ED /* Pods_marvelapi.framework */; };
/* End PBXBuildFile section */

/* Begin PBXFileReference section */
		0BC95CA1513C211217063C58 /* Pods-marvelapi.release.xcconfig */ = {isa = PBXFileReference; includeInIndex = 1; lastKnownFileType = text.xcconfig; name = "Pods-marvelapi.release.xcconfig"; path = "Target Support Files/Pods-marvelapi/Pods-marvelapi.release.xcconfig"; sourceTree = "<group>"; };
		2D222A0D148B30600A5653ED /* Pods_marvelapi.framework */ = {isa = PBXFileReference; explicitFileType = wrapper.framework; includeInIndex = 0; path = Pods_marvelapi.framework; sourceTree = BUILT_PRODUCTS_DIR; };
		50690D9121C7A1070056B5BA /* marvelapi.app */ = {isa = PBXFileReference; explicitFileType = wrapper.application; includeInIndex = 0; path = marvelapi.app; sourceTree = BUILT_PRODUCTS_DIR; };
		50690D9421C7A1070056B5BA /* AppDelegate.swift */ = {isa = PBXFileReference; lastKnownFileType = sourcecode.swift; path = AppDelegate.swift; sourceTree = "<group>"; };
		50690D9621C7A1070056B5BA /* SearchViewController.swift */ = {isa = PBXFileReference; lastKnownFileType = sourcecode.swift; path = SearchViewController.swift; sourceTree = "<group>"; };
		50690D9B21C7A1080056B5BA /* Assets.xcassets */ = {isa = PBXFileReference; lastKnownFileType = folder.assetcatalog; path = Assets.xcassets; sourceTree = "<group>"; };
		50690DA021C7A1080056B5BA /* Info.plist */ = {isa = PBXFileReference; lastKnownFileType = text.plist.xml; path = Info.plist; sourceTree = "<group>"; };
		50690DA621C7A1AE0056B5BA /* Model.swift */ = {isa = PBXFileReference; lastKnownFileType = sourcecode.swift; path = Model.swift; sourceTree = "<group>"; };
		50690DA821C7A1E80056B5BA /* Bridging-Header.h */ = {isa = PBXFileReference; lastKnownFileType = sourcecode.c.h; path = "Bridging-Header.h"; sourceTree = "<group>"; };
		50690DA921C7A2110056B5BA /* String+MD5.swift */ = {isa = PBXFileReference; lastKnownFileType = sourcecode.swift; path = "String+MD5.swift"; sourceTree = "<group>"; };
		50690DAB21C7A22A0056B5BA /* JSON.swift */ = {isa = PBXFileReference; lastKnownFileType = sourcecode.swift; path = JSON.swift; sourceTree = "<group>"; };
		50690DAD21C7A24F0056B5BA /* ViewModel.swift */ = {isa = PBXFileReference; lastKnownFileType = sourcecode.swift; path = ViewModel.swift; sourceTree = "<group>"; };
		50690DAF21C7A2750056B5BA /* Cell.swift */ = {isa = PBXFileReference; lastKnownFileType = sourcecode.swift; path = Cell.swift; sourceTree = "<group>"; };
		50690DB121C7A2A40056B5BA /* CharacterListViewController.swift */ = {isa = PBXFileReference; lastKnownFileType = sourcecode.swift; path = CharacterListViewController.swift; sourceTree = "<group>"; };
		8C961DCD08F5B88E303337DD /* Pods-marvelapi.debug.xcconfig */ = {isa = PBXFileReference; includeInIndex = 1; lastKnownFileType = text.xcconfig; name = "Pods-marvelapi.debug.xcconfig"; path = "Target Support Files/Pods-marvelapi/Pods-marvelapi.debug.xcconfig"; sourceTree = "<group>"; };
/* End PBXFileReference section */

/* Begin PBXFrameworksBuildPhase section */
		50690D8E21C7A1070056B5BA /* Frameworks */ = {
			isa = PBXFrameworksBuildPhase;
			buildActionMask = 2147483647;
			files = (
				9F3269E1372B9DDF30E61739 /* Pods_marvelapi.framework in Frameworks */,
			);
			runOnlyForDeploymentPostprocessing = 0;
		};
/* End PBXFrameworksBuildPhase section */

/* Begin PBXGroup section */
		50690D8821C7A1070056B5BA = {
			isa = PBXGroup;
			children = (
				50690D9321C7A1070056B5BA /* marvelapi */,
				50690D9221C7A1070056B5BA /* Products */,
				72CE0F0E7263EEDC56570066 /* Pods */,
				B89962425C7DE0979F523E15 /* Frameworks */,
			);
			sourceTree = "<group>";
		};
		50690D9221C7A1070056B5BA /* Products */ = {
			isa = PBXGroup;
			children = (
				50690D9121C7A1070056B5BA /* marvelapi.app */,
			);
			name = Products;
			sourceTree = "<group>";
		};
		50690D9321C7A1070056B5BA /* marvelapi */ = {
			isa = PBXGroup;
			children = (
				50690D9421C7A1070056B5BA /* AppDelegate.swift */,
				50690D9621C7A1070056B5BA /* SearchViewController.swift */,
				50690DB121C7A2A40056B5BA /* CharacterListViewController.swift */,
				50690DAF21C7A2750056B5BA /* Cell.swift */,
				50690DAD21C7A24F0056B5BA /* ViewModel.swift */,
				50690DA621C7A1AE0056B5BA /* Model.swift */,
				50690DAB21C7A22A0056B5BA /* JSON.swift */,
				50690DA921C7A2110056B5BA /* String+MD5.swift */,
				50690DA821C7A1E80056B5BA /* Bridging-Header.h */,
				50690D9B21C7A1080056B5BA /* Assets.xcassets */,
				50690DA021C7A1080056B5BA /* Info.plist */,
			);
			path = marvelapi;
			sourceTree = "<group>";
		};
		72CE0F0E7263EEDC56570066 /* Pods */ = {
			isa = PBXGroup;
			children = (
				8C961DCD08F5B88E303337DD /* Pods-marvelapi.debug.xcconfig */,
				0BC95CA1513C211217063C58 /* Pods-marvelapi.release.xcconfig */,
			);
			path = Pods;
			sourceTree = "<group>";
		};
		B89962425C7DE0979F523E15 /* Frameworks */ = {
			isa = PBXGroup;
			children = (
				2D222A0D148B30600A5653ED /* Pods_marvelapi.framework */,
			);
			name = Frameworks;
			sourceTree = "<group>";
		};
/* End PBXGroup section */

/* Begin PBXNativeTarget section */
		50690D9021C7A1070056B5BA /* marvelapi */ = {
			isa = PBXNativeTarget;
			buildConfigurationList = 50690DA321C7A1080056B5BA /* Build configuration list for PBXNativeTarget "marvelapi" */;
			buildPhases = (
				52ECB49FB52349895BA0101D /* [CP] Check Pods Manifest.lock */,
				50690D8D21C7A1070056B5BA /* Sources */,
				50690D8E21C7A1070056B5BA /* Frameworks */,
				50690D8F21C7A1070056B5BA /* Resources */,
				956F82BC968C219708C25DD8 /* [CP] Embed Pods Frameworks */,
			);
			buildRules = (
			);
			dependencies = (
			);
			name = marvelapi;
			productName = marvelapi;
			productReference = 50690D9121C7A1070056B5BA /* marvelapi.app */;
			productType = "com.apple.product-type.application";
		};
/* End PBXNativeTarget section */

/* Begin PBXProject section */
		50690D8921C7A1070056B5BA /* Project object */ = {
			isa = PBXProject;
			attributes = {
				LastSwiftUpdateCheck = 1010;
				LastUpgradeCheck = 1010;
				ORGANIZATIONNAME = Taro;
				TargetAttributes = {
					50690D9021C7A1070056B5BA = {
						CreatedOnToolsVersion = 10.1;
					};
				};
			};
			buildConfigurationList = 50690D8C21C7A1070056B5BA /* Build configuration list for PBXProject "marvelapi" */;
			compatibilityVersion = "Xcode 9.3";
			developmentRegion = en;
			hasScannedForEncodings = 0;
			knownRegions = (
				en,
				Base,
			);
			mainGroup = 50690D8821C7A1070056B5BA;
			productRefGroup = 50690D9221C7A1070056B5BA /* Products */;
			projectDirPath = "";
			projectRoot = "";
			targets = (
				50690D9021C7A1070056B5BA /* marvelapi */,
			);
		};
/* End PBXProject section */

/* Begin PBXResourcesBuildPhase section */
		50690D8F21C7A1070056B5BA /* Resources */ = {
			isa = PBXResourcesBuildPhase;
			buildActionMask = 2147483647;
			files = (
				50690D9C21C7A1080056B5BA /* Assets.xcassets in Resources */,
			);
			runOnlyForDeploymentPostprocessing = 0;
		};
/* End PBXResourcesBuildPhase section */

/* Begin PBXShellScriptBuildPhase section */
		52ECB49FB52349895BA0101D /* [CP] Check Pods Manifest.lock */ = {
			isa = PBXShellScriptBuildPhase;
			buildActionMask = 2147483647;
			files = (
			);
			inputFileListPaths = (
			);
			inputPaths = (
				"${PODS_PODFILE_DIR_PATH}/Podfile.lock",
				"${PODS_ROOT}/Manifest.lock",
			);
			name = "[CP] Check Pods Manifest.lock";
			outputFileListPaths = (
			);
			outputPaths = (
				"$(DERIVED_FILE_DIR)/Pods-marvelapi-checkManifestLockResult.txt",
			);
			runOnlyForDeploymentPostprocessing = 0;
			shellPath = /bin/sh;
			shellScript = "diff \"${PODS_PODFILE_DIR_PATH}/Podfile.lock\" \"${PODS_ROOT}/Manifest.lock\" > /dev/null\nif [ $? != 0 ] ; then\n    # print error to STDERR\n    echo \"error: The sandbox is not in sync with the Podfile.lock. Run 'pod install' or update your CocoaPods installation.\" >&2\n    exit 1\nfi\n# This output is used by Xcode 'outputs' to avoid re-running this script phase.\necho \"SUCCESS\" > \"${SCRIPT_OUTPUT_FILE_0}\"\n";
			showEnvVarsInLog = 0;
		};
		956F82BC968C219708C25DD8 /* [CP] Embed Pods Frameworks */ = {
			isa = PBXShellScriptBuildPhase;
			buildActionMask = 2147483647;
			files = (
			);
			inputFileListPaths = (
			);
			inputPaths = (
				"${PODS_ROOT}/Target Support Files/Pods-marvelapi/Pods-marvelapi-frameworks.sh",
				"${BUILT_PRODUCTS_DIR}/Alamofire/Alamofire.framework",
				"${BUILT_PRODUCTS_DIR}/Kingfisher/Kingfisher.framework",
				"${BUILT_PRODUCTS_DIR}/Moya/Moya.framework",
				"${BUILT_PRODUCTS_DIR}/Result/Result.framework",
			);
			name = "[CP] Embed Pods Frameworks";
			outputFileListPaths = (
			);
			outputPaths = (
				"${TARGET_BUILD_DIR}/${FRAMEWORKS_FOLDER_PATH}/Alamofire.framework",
				"${TARGET_BUILD_DIR}/${FRAMEWORKS_FOLDER_PATH}/Kingfisher.framework",
				"${TARGET_BUILD_DIR}/${FRAMEWORKS_FOLDER_PATH}/Moya.framework",
				"${TARGET_BUILD_DIR}/${FRAMEWORKS_FOLDER_PATH}/Result.framework",
			);
			runOnlyForDeploymentPostprocessing = 0;
			shellPath = /bin/sh;
			shellScript = "\"${PODS_ROOT}/Target Support Files/Pods-marvelapi/Pods-marvelapi-frameworks.sh\"\n";
			showEnvVarsInLog = 0;
		};
/* End PBXShellScriptBuildPhase section */

/* Begin PBXSourcesBuildPhase section */
		50690D8D21C7A1070056B5BA /* Sources */ = {
			isa = PBXSourcesBuildPhase;
			buildActionMask = 2147483647;
			files = (
				50690DA721C7A1AE0056B5BA /* Model.swift in Sources */,
				50690DAC21C7A22A0056B5BA /* JSON.swift in Sources */,
				50690DB021C7A2750056B5BA /* Cell.swift in Sources */,
				50690D9721C7A1070056B5BA /* SearchViewController.swift in Sources */,
				50690DB221C7A2A50056B5BA /* CharacterListViewController.swift in Sources */,
				50690D9521C7A1070056B5BA /* AppDelegate.swift in Sources */,
				50690DAE21C7A24F0056B5BA /* ViewModel.swift in Sources */,
				50690DAA21C7A2110056B5BA /* String+MD5.swift in Sources */,
			);
			runOnlyForDeploymentPostprocessing = 0;
		};
/* End PBXSourcesBuildPhase section */

/* Begin XCBuildConfiguration section */
		50690DA121C7A1080056B5BA /* Debug */ = {
			isa = XCBuildConfiguration;
			buildSettings = {
				ALWAYS_SEARCH_USER_PATHS = NO;
				CLANG_ANALYZER_NONNULL = YES;
				CLANG_ANALYZER_NUMBER_OBJECT_CONVERSION = YES_AGGRESSIVE;
				CLANG_CXX_LANGUAGE_STANDARD = "gnu++14";
				CLANG_CXX_LIBRARY = "libc++";
				CLANG_ENABLE_MODULES = YES;
				CLANG_ENABLE_OBJC_ARC = YES;
				CLANG_ENABLE_OBJC_WEAK = YES;
				CLANG_WARN_BLOCK_CAPTURE_AUTORELEASING = YES;
				CLANG_WARN_BOOL_CONVERSION = YES;
				CLANG_WARN_COMMA = YES;
				CLANG_WARN_CONSTANT_CONVERSION = YES;
				CLANG_WARN_DEPRECATED_OBJC_IMPLEMENTATIONS = YES;
				CLANG_WARN_DIRECT_OBJC_ISA_USAGE = YES_ERROR;
				CLANG_WARN_DOCUMENTATION_COMMENTS = YES;
				CLANG_WARN_EMPTY_BODY = YES;
				CLANG_WARN_ENUM_CONVERSION = YES;
				CLANG_WARN_INFINITE_RECURSION = YES;
				CLANG_WARN_INT_CONVERSION = YES;
				CLANG_WARN_NON_LITERAL_NULL_CONVERSION = YES;
				CLANG_WARN_OBJC_IMPLICIT_RETAIN_SELF = YES;
				CLANG_WARN_OBJC_LITERAL_CONVERSION = YES;
				CLANG_WARN_OBJC_ROOT_CLASS = YES_ERROR;
				CLANG_WARN_RANGE_LOOP_ANALYSIS = YES;
				CLANG_WARN_STRICT_PROTOTYPES = YES;
				CLANG_WARN_SUSPICIOUS_MOVE = YES;
				CLANG_WARN_UNGUARDED_AVAILABILITY = YES_AGGRESSIVE;
				CLANG_WARN_UNREACHABLE_CODE = YES;
				CLANG_WARN__DUPLICATE_METHOD_MATCH = YES;
				CODE_SIGN_IDENTITY = "iPhone Developer";
				COPY_PHASE_STRIP = NO;
				DEBUG_INFORMATION_FORMAT = dwarf;
				ENABLE_STRICT_OBJC_MSGSEND = YES;
				ENABLE_TESTABILITY = YES;
				GCC_C_LANGUAGE_STANDARD = gnu11;
				GCC_DYNAMIC_NO_PIC = NO;
				GCC_NO_COMMON_BLOCKS = YES;
				GCC_OPTIMIZATION_LEVEL = 0;
				GCC_PREPROCESSOR_DEFINITIONS = (
					"DEBUG=1",
					"$(inherited)",
				);
				GCC_WARN_64_TO_32_BIT_CONVERSION = YES;
				GCC_WARN_ABOUT_RETURN_TYPE = YES_ERROR;
				GCC_WARN_UNDECLARED_SELECTOR = YES;
				GCC_WARN_UNINITIALIZED_AUTOS = YES_AGGRESSIVE;
				GCC_WARN_UNUSED_FUNCTION = YES;
				GCC_WARN_UNUSED_VARIABLE = YES;
				IPHONEOS_DEPLOYMENT_TARGET = 12.1;
				MTL_ENABLE_DEBUG_INFO = INCLUDE_SOURCE;
				MTL_FAST_MATH = YES;
				ONLY_ACTIVE_ARCH = YES;
				SDKROOT = iphoneos;
				SWIFT_ACTIVE_COMPILATION_CONDITIONS = DEBUG;
				SWIFT_OPTIMIZATION_LEVEL = "-Onone";
			};
			name = Debug;
		};
		50690DA221C7A1080056B5BA /* Release */ = {
			isa = XCBuildConfiguration;
			buildSettings = {
				ALWAYS_SEARCH_USER_PATHS = NO;
				CLANG_ANALYZER_NONNULL = YES;
				CLANG_ANALYZER_NUMBER_OBJECT_CONVERSION = YES_AGGRESSIVE;
				CLANG_CXX_LANGUAGE_STANDARD = "gnu++14";
				CLANG_CXX_LIBRARY = "libc++";
				CLANG_ENABLE_MODULES = YES;
				CLANG_ENABLE_OBJC_ARC = YES;
				CLANG_ENABLE_OBJC_WEAK = YES;
				CLANG_WARN_BLOCK_CAPTURE_AUTORELEASING = YES;
				CLANG_WARN_BOOL_CONVERSION = YES;
				CLANG_WARN_COMMA = YES;
				CLANG_WARN_CONSTANT_CONVERSION = YES;
				CLANG_WARN_DEPRECATED_OBJC_IMPLEMENTATIONS = YES;
				CLANG_WARN_DIRECT_OBJC_ISA_USAGE = YES_ERROR;
				CLANG_WARN_DOCUMENTATION_COMMENTS = YES;
				CLANG_WARN_EMPTY_BODY = YES;
				CLANG_WARN_ENUM_CONVERSION = YES;
				CLANG_WARN_INFINITE_RECURSION = YES;
				CLANG_WARN_INT_CONVERSION = YES;
				CLANG_WARN_NON_LITERAL_NULL_CONVERSION = YES;
				CLANG_WARN_OBJC_IMPLICIT_RETAIN_SELF = YES;
				CLANG_WARN_OBJC_LITERAL_CONVERSION = YES;
				CLANG_WARN_OBJC_ROOT_CLASS = YES_ERROR;
				CLANG_WARN_RANGE_LOOP_ANALYSIS = YES;
				CLANG_WARN_STRICT_PROTOTYPES = YES;
				CLANG_WARN_SUSPICIOUS_MOVE = YES;
				CLANG_WARN_UNGUARDED_AVAILABILITY = YES_AGGRESSIVE;
				CLANG_WARN_UNREACHABLE_CODE = YES;
				CLANG_WARN__DUPLICATE_METHOD_MATCH = YES;
				CODE_SIGN_IDENTITY = "iPhone Developer";
				COPY_PHASE_STRIP = NO;
				DEBUG_INFORMATION_FORMAT = "dwarf-with-dsym";
				ENABLE_NS_ASSERTIONS = NO;
				ENABLE_STRICT_OBJC_MSGSEND = YES;
				GCC_C_LANGUAGE_STANDARD = gnu11;
				GCC_NO_COMMON_BLOCKS = YES;
				GCC_WARN_64_TO_32_BIT_CONVERSION = YES;
				GCC_WARN_ABOUT_RETURN_TYPE = YES_ERROR;
				GCC_WARN_UNDECLARED_SELECTOR = YES;
				GCC_WARN_UNINITIALIZED_AUTOS = YES_AGGRESSIVE;
				GCC_WARN_UNUSED_FUNCTION = YES;
				GCC_WARN_UNUSED_VARIABLE = YES;
				IPHONEOS_DEPLOYMENT_TARGET = 12.1;
				MTL_ENABLE_DEBUG_INFO = NO;
				MTL_FAST_MATH = YES;
				SDKROOT = iphoneos;
				SWIFT_COMPILATION_MODE = wholemodule;
				SWIFT_OPTIMIZATION_LEVEL = "-O";
				VALIDATE_PRODUCT = YES;
			};
			name = Release;
		};
		50690DA421C7A1080056B5BA /* Debug */ = {
			isa = XCBuildConfiguration;
			baseConfigurationReference = 8C961DCD08F5B88E303337DD /* Pods-marvelapi.debug.xcconfig */;
			buildSettings = {
				ASSETCATALOG_COMPILER_APPICON_NAME = AppIcon;
				CODE_SIGN_STYLE = Automatic;
				INFOPLIST_FILE = marvelapi/Info.plist;
				LD_RUNPATH_SEARCH_PATHS = (
					"$(inherited)",
					"@executable_path/Frameworks",
				);
				PRODUCT_BUNDLE_IDENTIFIER = Taro.marvelapi;
				PRODUCT_NAME = "$(TARGET_NAME)";
				SWIFT_OBJC_BRIDGING_HEADER = "marvelapi/Bridging-Header.h";
				SWIFT_VERSION = 4.2;
				TARGETED_DEVICE_FAMILY = "1,2";
			};
			name = Debug;
		};
		50690DA521C7A1080056B5BA /* Release */ = {
			isa = XCBuildConfiguration;
			baseConfigurationReference = 0BC95CA1513C211217063C58 /* Pods-marvelapi.release.xcconfig */;
			buildSettings = {
				ASSETCATALOG_COMPILER_APPICON_NAME = AppIcon;
				CODE_SIGN_STYLE = Automatic;
				INFOPLIST_FILE = marvelapi/Info.plist;
				LD_RUNPATH_SEARCH_PATHS = (
					"$(inherited)",
					"@executable_path/Frameworks",
				);
				PRODUCT_BUNDLE_IDENTIFIER = Taro.marvelapi;
				PRODUCT_NAME = "$(TARGET_NAME)";
				SWIFT_OBJC_BRIDGING_HEADER = "marvelapi/Bridging-Header.h";
				SWIFT_VERSION = 4.2;
				TARGETED_DEVICE_FAMILY = "1,2";
			};
			name = Release;
		};
/* End XCBuildConfiguration section */

/* Begin XCConfigurationList section */
		50690D8C21C7A1070056B5BA /* Build configuration list for PBXProject "marvelapi" */ = {
			isa = XCConfigurationList;
			buildConfigurations = (
				50690DA121C7A1080056B5BA /* Debug */,
				50690DA221C7A1080056B5BA /* Release */,
			);
			defaultConfigurationIsVisible = 0;
			defaultConfigurationName = Release;
		};
		50690DA321C7A1080056B5BA /* Build configuration list for PBXNativeTarget "marvelapi" */ = {
			isa = XCConfigurationList;
			buildConfigurations = (
				50690DA421C7A1080056B5BA /* Debug */,
				50690DA521C7A1080056B5BA /* Release */,
			);
			defaultConfigurationIsVisible = 0;
			defaultConfigurationName = Release;
		};
/* End XCConfigurationList section */
	};
	rootObject = 50690D8921C7A1070056B5BA /* Project object */;
}
